
Microsoft Visual Studio Solution File, Format Version 12.00
# Visual Studio 14
VisualStudioVersion = 14.0.23107.0
MinimumVisualStudioVersion = 10.0.40219.1
Project("{FAE04EC0-301F-11D3-BF4B-00C04F79EFBC}") = "ContactSavingWebAPI", "ContactSavingWebAPI\ContactSavingWebAPI.csproj", "{53061440-66CA-420C-8389-C84EA1A788E8}"
EndProject
Project("{FAE04EC0-301F-11D3-BF4B-00C04F79EFBC}") = "ContactDataAccess", "ContactDataAccess\ContactDataAccess.csproj", "{0A88036C-0784-4B25-9DBF-0F6F237A24D1}"
EndProject
Global
	GlobalSection(SolutionConfigurationPlatforms) = preSolution
		Debug|Any CPU = Debug|Any CPU
		Release|Any CPU = Release|Any CPU
	EndGlobalSection
	GlobalSection(ProjectConfigurationPlatforms) = postSolution
		{53061440-66CA-420C-8389-C84EA1A788E8}.Debug|Any CPU.ActiveCfg = Debug|Any CPU
		{53061440-66CA-420C-8389-C84EA1A788E8}.Debug|Any CPU.Build.0 = Debug|Any CPU
		{53061440-66CA-420C-8389-C84EA1A788E8}.Release|Any CPU.ActiveCfg = Release|Any CPU
		{53061440-66CA-420C-8389-C84EA1A788E8}.Release|Any CPU.Build.0 = Release|Any CPU
		{0A88036C-0784-4B25-9DBF-0F6F237A24D1}.Debug|Any CPU.ActiveCfg = Debug|Any CPU
		{0A88036C-0784-4B25-9DBF-0F6F237A24D1}.Debug|Any CPU.Build.0 = Debug|Any CPU
		{0A88036C-0784-4B25-9DBF-0F6F237A24D1}.Release|Any CPU.ActiveCfg = Release|Any CPU
		{0A88036C-0784-4B25-9DBF-0F6F237A24D1}.Release|Any CPU.Build.0 = Release|Any CPU
	EndGlobalSection
	GlobalSection(SolutionProperties) = preSolution
		HideSolutionNode = FALSE
	EndGlobalSection
EndGlobal
